
Microsoft Visual Studio Solution File, Format Version 12.00
# Visual Studio Version 17
VisualStudioVersion = 17.5.002.0
MinimumVisualStudioVersion = 10.0.40219.1
Project("{2150E333-8FDC-42A3-9474-1A3956D46DE8}") = "Testetecnico", "Testetecnico", "{8F0C55A2-A904-45DA-99A8-9FA000D78C1A}"
EndProject
Project("{9A19103F-16F7-4668-BE54-9A1E7A4F7556}") = "Testetarget", "Testetecnico\questao1\Testetarget.csproj", "{75D1BF7C-EE08-49E8-99D5-33AF5AA61DE2}"
EndProject
Project("{9A19103F-16F7-4668-BE54-9A1E7A4F7556}") = "questao2", "Testetecnico\questao2\questao2.csproj", "{E2479173-DF82-4789-9C81-8167F7C6EFC5}"
EndProject
Global
	GlobalSection(SolutionConfigurationPlatforms) = preSolution
		Debug|Any CPU = Debug|Any CPU
		Release|Any CPU = Release|Any CPU
	EndGlobalSection
	GlobalSection(ProjectConfigurationPlatforms) = postSolution
		{75D1BF7C-EE08-49E8-99D5-33AF5AA61DE2}.Debug|Any CPU.ActiveCfg = Debug|Any CPU
		{75D1BF7C-EE08-49E8-99D5-33AF5AA61DE2}.Debug|Any CPU.Build.0 = Debug|Any CPU
		{75D1BF7C-EE08-49E8-99D5-33AF5AA61DE2}.Release|Any CPU.ActiveCfg = Release|Any CPU
		{75D1BF7C-EE08-49E8-99D5-33AF5AA61DE2}.Release|Any CPU.Build.0 = Release|Any CPU
		{E2479173-DF82-4789-9C81-8167F7C6EFC5}.Debug|Any CPU.ActiveCfg = Debug|Any CPU
		{E2479173-DF82-4789-9C81-8167F7C6EFC5}.Debug|Any CPU.Build.0 = Debug|Any CPU
		{E2479173-DF82-4789-9C81-8167F7C6EFC5}.Release|Any CPU.ActiveCfg = Release|Any CPU
		{E2479173-DF82-4789-9C81-8167F7C6EFC5}.Release|Any CPU.Build.0 = Release|Any CPU
	EndGlobalSection
	GlobalSection(SolutionProperties) = preSolution
		HideSolutionNode = FALSE
	EndGlobalSection
	GlobalSection(NestedProjects) = preSolution
		{75D1BF7C-EE08-49E8-99D5-33AF5AA61DE2} = {8F0C55A2-A904-45DA-99A8-9FA000D78C1A}
		{E2479173-DF82-4789-9C81-8167F7C6EFC5} = {8F0C55A2-A904-45DA-99A8-9FA000D78C1A}
	EndGlobalSection
	GlobalSection(ExtensibilityGlobals) = postSolution
		SolutionGuid = {91A1AF70-4C58-4D44-95E3-FB4E4C5CB56B}
	EndGlobalSection
EndGlobal
